
Microsoft Visual Studio Solution File, Format Version 12.00
# Visual Studio Version 17
VisualStudioVersion = 17.1.32228.430
MinimumVisualStudioVersion = 10.0.40219.1
Project("{8BC9CEB8-8B4A-11D0-8D11-00A0C91BC942}") = "exercise2_2_1", "exercise2_2_1.vcxproj", "{9917B3E2-6473-4340-A33C-C9CE6604070A}"
EndProject
Global
	GlobalSection(SolutionConfigurationPlatforms) = preSolution
		Debug|x64 = Debug|x64
		Debug|x86 = Debug|x86
		Release|x64 = Release|x64
		Release|x86 = Release|x86
	EndGlobalSection
	GlobalSection(ProjectConfigurationPlatforms) = postSolution
		{9917B3E2-6473-4340-A33C-C9CE6604070A}.Debug|x64.ActiveCfg = Debug|x64
		{9917B3E2-6473-4340-A33C-C9CE6604070A}.Debug|x64.Build.0 = Debug|x64
		{9917B3E2-6473-4340-A33C-C9CE6604070A}.Debug|x86.ActiveCfg = Debug|Win32
		{9917B3E2-6473-4340-A33C-C9CE6604070A}.Debug|x86.Build.0 = Debug|Win32
		{9917B3E2-6473-4340-A33C-C9CE6604070A}.Release|x64.ActiveCfg = Release|x64
		{9917B3E2-6473-4340-A33C-C9CE6604070A}.Release|x64.Build.0 = Release|x64
		{9917B3E2-6473-4340-A33C-C9CE6604070A}.Release|x86.ActiveCfg = Release|Win32
		{9917B3E2-6473-4340-A33C-C9CE6604070A}.Release|x86.Build.0 = Release|Win32
	EndGlobalSection
	GlobalSection(SolutionProperties) = preSolution
		HideSolutionNode = FALSE
	EndGlobalSection
	GlobalSection(ExtensibilityGlobals) = postSolution
		SolutionGuid = {93A1F4DA-AA1C-4157-AD06-196ABB93C8A8}
	EndGlobalSection
EndGlobal
