
Microsoft Visual Studio Solution File, Format Version 12.00
# Visual Studio Version 17
VisualStudioVersion = 17.1.32228.430
MinimumVisualStudioVersion = 10.0.40219.1
Project("{8BC9CEB8-8B4A-11D0-8D11-00A0C91BC942}") = "exercise2_3_3", "exercise2_3_3.vcxproj", "{8707D032-A62A-44D9-8504-AD2967C81D5B}"
EndProject
Global
	GlobalSection(SolutionConfigurationPlatforms) = preSolution
		Debug|x64 = Debug|x64
		Debug|x86 = Debug|x86
		Release|x64 = Release|x64
		Release|x86 = Release|x86
	EndGlobalSection
	GlobalSection(ProjectConfigurationPlatforms) = postSolution
		{8707D032-A62A-44D9-8504-AD2967C81D5B}.Debug|x64.ActiveCfg = Debug|x64
		{8707D032-A62A-44D9-8504-AD2967C81D5B}.Debug|x64.Build.0 = Debug|x64
		{8707D032-A62A-44D9-8504-AD2967C81D5B}.Debug|x86.ActiveCfg = Debug|Win32
		{8707D032-A62A-44D9-8504-AD2967C81D5B}.Debug|x86.Build.0 = Debug|Win32
		{8707D032-A62A-44D9-8504-AD2967C81D5B}.Release|x64.ActiveCfg = Release|x64
		{8707D032-A62A-44D9-8504-AD2967C81D5B}.Release|x64.Build.0 = Release|x64
		{8707D032-A62A-44D9-8504-AD2967C81D5B}.Release|x86.ActiveCfg = Release|Win32
		{8707D032-A62A-44D9-8504-AD2967C81D5B}.Release|x86.Build.0 = Release|Win32
	EndGlobalSection
	GlobalSection(SolutionProperties) = preSolution
		HideSolutionNode = FALSE
	EndGlobalSection
	GlobalSection(ExtensibilityGlobals) = postSolution
		SolutionGuid = {25BEB237-3210-4873-8AA9-7174564E4457}
	EndGlobalSection
EndGlobal
